
Microsoft Visual Studio Solution File, Format Version 12.00
# Visual Studio 15
VisualStudioVersion = 15.0.27004.2006
MinimumVisualStudioVersion = 10.0.40219.1
Project("{CC5FD16D-436D-48AD-A40C-5A424C6E3E79}") = "GithubCloudService", "GithubCloudService\GithubCloudService.ccproj", "{7AB36F29-6732-44F1-A700-893C0A669996}"
EndProject
Project("{FAE04EC0-301F-11D3-BF4B-00C04F79EFBC}") = "GithubCrawler", "GithubCrawler\GithubCrawler.csproj", "{71D2176A-9A29-4998-8050-AFF619F6CC70}"
EndProject
Project("{FAE04EC0-301F-11D3-BF4B-00C04F79EFBC}") = "SocialMediaConsole", "SocialMediaConsole\SocialMediaConsole.csproj", "{6431AC5A-82C1-4892-8FCD-91F978EF5AFC}"
EndProject
Project("{2150E333-8FDC-42A3-9474-1A3956D46DE8}") = "scripts", "scripts", "{2E0059C9-327A-4DD5-B63D-35F6BAB7C0A9}"
	ProjectSection(SolutionItems) = preProject
		tracking.sql = tracking.sql
	EndProjectSection
EndProject
Project("{9A19103F-16F7-4668-BE54-9A1E7A4F7556}") = "SocialMediaAF", "SocialMediaAF\SocialMediaAF.csproj", "{64E83EFE-21D5-45C6-8403-C1D4251258FD}"
EndProject
Project("{FAE04EC0-301F-11D3-BF4B-00C04F79EFBC}") = "GithubHelper", "GithubHelper\GithubHelper.csproj", "{25F66A23-F473-41E7-887F-CE3064D0B595}"
EndProject
Project("{FAE04EC0-301F-11D3-BF4B-00C04F79EFBC}") = "SocialMediaCommonHelper", "SocialMediaCommonHelper\SocialMediaCommonHelper.csproj", "{48E55A3A-873E-484A-A1F3-E45F21A4ECA7}"
EndProject
Global
	GlobalSection(SolutionConfigurationPlatforms) = preSolution
		Debug|Any CPU = Debug|Any CPU
		Release|Any CPU = Release|Any CPU
	EndGlobalSection
	GlobalSection(ProjectConfigurationPlatforms) = postSolution
		{7AB36F29-6732-44F1-A700-893C0A669996}.Debug|Any CPU.ActiveCfg = Debug|Any CPU
		{7AB36F29-6732-44F1-A700-893C0A669996}.Debug|Any CPU.Build.0 = Debug|Any CPU
		{7AB36F29-6732-44F1-A700-893C0A669996}.Release|Any CPU.ActiveCfg = Release|Any CPU
		{7AB36F29-6732-44F1-A700-893C0A669996}.Release|Any CPU.Build.0 = Release|Any CPU
		{71D2176A-9A29-4998-8050-AFF619F6CC70}.Debug|Any CPU.ActiveCfg = Debug|Any CPU
		{71D2176A-9A29-4998-8050-AFF619F6CC70}.Debug|Any CPU.Build.0 = Debug|Any CPU
		{71D2176A-9A29-4998-8050-AFF619F6CC70}.Release|Any CPU.ActiveCfg = Release|Any CPU
		{71D2176A-9A29-4998-8050-AFF619F6CC70}.Release|Any CPU.Build.0 = Release|Any CPU
		{6431AC5A-82C1-4892-8FCD-91F978EF5AFC}.Debug|Any CPU.ActiveCfg = Debug|Any CPU
		{6431AC5A-82C1-4892-8FCD-91F978EF5AFC}.Debug|Any CPU.Build.0 = Debug|Any CPU
		{6431AC5A-82C1-4892-8FCD-91F978EF5AFC}.Release|Any CPU.ActiveCfg = Release|Any CPU
		{6431AC5A-82C1-4892-8FCD-91F978EF5AFC}.Release|Any CPU.Build.0 = Release|Any CPU
		{64E83EFE-21D5-45C6-8403-C1D4251258FD}.Debug|Any CPU.ActiveCfg = Debug|Any CPU
		{64E83EFE-21D5-45C6-8403-C1D4251258FD}.Debug|Any CPU.Build.0 = Debug|Any CPU
		{64E83EFE-21D5-45C6-8403-C1D4251258FD}.Release|Any CPU.ActiveCfg = Release|Any CPU
		{64E83EFE-21D5-45C6-8403-C1D4251258FD}.Release|Any CPU.Build.0 = Release|Any CPU
		{25F66A23-F473-41E7-887F-CE3064D0B595}.Debug|Any CPU.ActiveCfg = Debug|Any CPU
		{25F66A23-F473-41E7-887F-CE3064D0B595}.Debug|Any CPU.Build.0 = Debug|Any CPU
		{25F66A23-F473-41E7-887F-CE3064D0B595}.Release|Any CPU.ActiveCfg = Release|Any CPU
		{25F66A23-F473-41E7-887F-CE3064D0B595}.Release|Any CPU.Build.0 = Release|Any CPU
		{48E55A3A-873E-484A-A1F3-E45F21A4ECA7}.Debug|Any CPU.ActiveCfg = Debug|Any CPU
		{48E55A3A-873E-484A-A1F3-E45F21A4ECA7}.Debug|Any CPU.Build.0 = Debug|Any CPU
		{48E55A3A-873E-484A-A1F3-E45F21A4ECA7}.Release|Any CPU.ActiveCfg = Release|Any CPU
		{48E55A3A-873E-484A-A1F3-E45F21A4ECA7}.Release|Any CPU.Build.0 = Release|Any CPU
	EndGlobalSection
	GlobalSection(SolutionProperties) = preSolution
		HideSolutionNode = FALSE
	EndGlobalSection
	GlobalSection(ExtensibilityGlobals) = postSolution
		SolutionGuid = {010C3B07-5F62-4E38-8682-BCB61E0EBC95}
	EndGlobalSection
EndGlobal
