
Microsoft Visual Studio Solution File, Format Version 12.00
# Visual Studio 15
VisualStudioVersion = 15.0.27428.2015
MinimumVisualStudioVersion = 10.0.40219.1
Project("{CC5FD16D-436D-48AD-A40C-5A424C6E3E79}") = "GithubCloudService", "GithubCloudService\GithubCloudService.ccproj", "{7AB36F29-6732-44F1-A700-893C0A669996}"
EndProject
Project("{FAE04EC0-301F-11D3-BF4B-00C04F79EFBC}") = "GithubCrawler", "GithubCrawler\GithubCrawler.csproj", "{71D2176A-9A29-4998-8050-AFF619F6CC70}"
EndProject
Project("{FAE04EC0-301F-11D3-BF4B-00C04F79EFBC}") = "SocialMediaConsole", "SocialMediaConsole\SocialMediaConsole.csproj", "{6431AC5A-82C1-4892-8FCD-91F978EF5AFC}"
EndProject
Project("{FAE04EC0-301F-11D3-BF4B-00C04F79EFBC}") = "GithubTrigger", "GithubTrigger\GithubTrigger.csproj", "{F6DC5A9F-3C97-4794-9DC2-FE581F0E6649}"
EndProject
Global
	GlobalSection(SolutionConfigurationPlatforms) = preSolution
		Debug|Any CPU = Debug|Any CPU
		Release|Any CPU = Release|Any CPU
	EndGlobalSection
	GlobalSection(ProjectConfigurationPlatforms) = postSolution
		{7AB36F29-6732-44F1-A700-893C0A669996}.Debug|Any CPU.ActiveCfg = Debug|Any CPU
		{7AB36F29-6732-44F1-A700-893C0A669996}.Debug|Any CPU.Build.0 = Debug|Any CPU
		{7AB36F29-6732-44F1-A700-893C0A669996}.Release|Any CPU.ActiveCfg = Release|Any CPU
		{7AB36F29-6732-44F1-A700-893C0A669996}.Release|Any CPU.Build.0 = Release|Any CPU
		{71D2176A-9A29-4998-8050-AFF619F6CC70}.Debug|Any CPU.ActiveCfg = Debug|Any CPU
		{71D2176A-9A29-4998-8050-AFF619F6CC70}.Debug|Any CPU.Build.0 = Debug|Any CPU
		{71D2176A-9A29-4998-8050-AFF619F6CC70}.Release|Any CPU.ActiveCfg = Release|Any CPU
		{71D2176A-9A29-4998-8050-AFF619F6CC70}.Release|Any CPU.Build.0 = Release|Any CPU
		{6431AC5A-82C1-4892-8FCD-91F978EF5AFC}.Debug|Any CPU.ActiveCfg = Debug|Any CPU
		{6431AC5A-82C1-4892-8FCD-91F978EF5AFC}.Debug|Any CPU.Build.0 = Debug|Any CPU
		{6431AC5A-82C1-4892-8FCD-91F978EF5AFC}.Release|Any CPU.ActiveCfg = Release|Any CPU
		{6431AC5A-82C1-4892-8FCD-91F978EF5AFC}.Release|Any CPU.Build.0 = Release|Any CPU
		{F6DC5A9F-3C97-4794-9DC2-FE581F0E6649}.Debug|Any CPU.ActiveCfg = Debug|Any CPU
		{F6DC5A9F-3C97-4794-9DC2-FE581F0E6649}.Debug|Any CPU.Build.0 = Debug|Any CPU
		{F6DC5A9F-3C97-4794-9DC2-FE581F0E6649}.Release|Any CPU.ActiveCfg = Release|Any CPU
		{F6DC5A9F-3C97-4794-9DC2-FE581F0E6649}.Release|Any CPU.Build.0 = Release|Any CPU
	EndGlobalSection
	GlobalSection(SolutionProperties) = preSolution
		HideSolutionNode = FALSE
	EndGlobalSection
	GlobalSection(ExtensibilityGlobals) = postSolution
		SolutionGuid = {010C3B07-5F62-4E38-8682-BCB61E0EBC95}
	EndGlobalSection
EndGlobal
